
Microsoft Visual Studio Solution File, Format Version 12.00
# Visual Studio Version 17
VisualStudioVersion = 17.5.33516.290
MinimumVisualStudioVersion = 10.0.40219.1
Project("{FAE04EC0-301F-11D3-BF4B-00C04F79EFBC}") = "ThrowDice", "ThrowDice.csproj", "{678EDBF5-2011-4E75-9A4E-1C4E0D224E7E}"
EndProject
Global
	GlobalSection(SolutionConfigurationPlatforms) = preSolution
		Debug|Any CPU = Debug|Any CPU
		Release|Any CPU = Release|Any CPU
	EndGlobalSection
	GlobalSection(ProjectConfigurationPlatforms) = postSolution
		{678EDBF5-2011-4E75-9A4E-1C4E0D224E7E}.Debug|Any CPU.ActiveCfg = Debug|Any CPU
		{678EDBF5-2011-4E75-9A4E-1C4E0D224E7E}.Debug|Any CPU.Build.0 = Debug|Any CPU
		{678EDBF5-2011-4E75-9A4E-1C4E0D224E7E}.Release|Any CPU.ActiveCfg = Release|Any CPU
		{678EDBF5-2011-4E75-9A4E-1C4E0D224E7E}.Release|Any CPU.Build.0 = Release|Any CPU
	EndGlobalSection
	GlobalSection(SolutionProperties) = preSolution
		HideSolutionNode = FALSE
	EndGlobalSection
	GlobalSection(ExtensibilityGlobals) = postSolution
		SolutionGuid = {72DD86BE-0911-4209-BF7D-24563CAA1087}
	EndGlobalSection
EndGlobal
